
Microsoft Visual Studio Solution File, Format Version 12.00
# Visual Studio 15
VisualStudioVersion = 15.0.28307.1401
MinimumVisualStudioVersion = 10.0.40219.1
Project("{FAE04EC0-301F-11D3-BF4B-00C04F79EFBC}") = "ccc2", "ccc2\ccc2.csproj", "{4DED8320-98FE-4251-B20E-4267E9A1B118}"
EndProject
Project("{FAE04EC0-301F-11D3-BF4B-00C04F79EFBC}") = "ccc3", "ccc3\ccc3.csproj", "{60EA9515-F313-4B64-A51D-9A8318BA9FC4}"
EndProject
Project("{FAE04EC0-301F-11D3-BF4B-00C04F79EFBC}") = "接收用户的输入", "接收用户的输入\接收用户的输入.csproj", "{DA89D6C9-6C48-4535-A6AE-78613F094365}"
EndProject
Project("{FAE04EC0-301F-11D3-BF4B-00C04F79EFBC}") = "转义符", "转义符\转义符.csproj", "{EC85B4D3-A77C-4FEC-A8E6-AFAC5F1E6190}"
EndProject
Project("{FAE04EC0-301F-11D3-BF4B-00C04F79EFBC}") = "运算符", "运算符\运算符.csproj", "{B128C17E-56B1-4BFB-A4C0-E35D7BF2EF48}"
EndProject
Project("{FAE04EC0-301F-11D3-BF4B-00C04F79EFBC}") = "基础语法的课后作业", "基础语法的课后作业\基础语法的课后作业.csproj", "{72EE6392-4B92-4956-83DD-831E382D7F04}"
EndProject
Project("{FAE04EC0-301F-11D3-BF4B-00C04F79EFBC}") = "3类型转换", "3类型转换\3类型转换.csproj", "{FB739453-99D7-4FED-808C-91F867CD0EA2}"
EndProject
Project("{FAE04EC0-301F-11D3-BF4B-00C04F79EFBC}") = "3加加减减", "3加加减减\3加加减减.csproj", "{352F04A2-00BD-4B24-942D-B6836143C1B5}"
EndProject
Project("{FAE04EC0-301F-11D3-BF4B-00C04F79EFBC}") = "关系运算符", "关系运算符\关系运算符.csproj", "{EFB50D67-8520-47AB-9836-C1207F4A9E3A}"
EndProject
Project("{FAE04EC0-301F-11D3-BF4B-00C04F79EFBC}") = "3判断闰年", "3判断闰年\3判断闰年.csproj", "{FF32F66B-A8D4-427C-975D-65DDBB02E8EE}"
EndProject
Project("{FAE04EC0-301F-11D3-BF4B-00C04F79EFBC}") = "3if结构", "3if结构\3if结构.csproj", "{24933CA6-CBAC-46C5-BC0D-EAB767CCBB14}"
EndProject
Project("{FAE04EC0-301F-11D3-BF4B-00C04F79EFBC}") = "3if-else", "3if-else\3if-else.csproj", "{15EEF306-A648-4462-9A77-7EBC62605361}"
EndProject
Project("{FAE04EC0-301F-11D3-BF4B-00C04F79EFBC}") = "3四个练习题", "3四个练习题\3四个练习题.csproj", "{293004A1-3560-4016-82B0-0FE0005872FE}"
EndProject
Project("{FAE04EC0-301F-11D3-BF4B-00C04F79EFBC}") = "4异常捕获", "4异常捕获\4异常捕获.csproj", "{A09C3D9E-1891-4297-A908-8BC79A3FC992}"
EndProject
Project("{FAE04EC0-301F-11D3-BF4B-00C04F79EFBC}") = "4switch case", "4switch case\4switch case.csproj", "{2893FEF1-A21E-49FD-A769-9CB6D2F78F63}"
EndProject
Project("{FAE04EC0-301F-11D3-BF4B-00C04F79EFBC}") = "4while循环", "4while循环\4while循环.csproj", "{86D50DCF-E619-47D1-A670-F9A16BE46C11}"
EndProject
Project("{FAE04EC0-301F-11D3-BF4B-00C04F79EFBC}") = "4do-while", "4do-while\4do-while.csproj", "{BB81F4FE-2C1E-4266-BA76-FB22FD3CC102}"
EndProject
Project("{FAE04EC0-301F-11D3-BF4B-00C04F79EFBC}") = "5for循环", "5for循环\5for循环.csproj", "{2AC16C8A-7E0E-4081-A7B7-F0C606AC60C0}"
EndProject
Project("{FAE04EC0-301F-11D3-BF4B-00C04F79EFBC}") = "5类型转换", "类型转换\5类型转换.csproj", "{DADD3F15-2BA2-4580-A553-4B774BAE445E}"
EndProject
Project("{FAE04EC0-301F-11D3-BF4B-00C04F79EFBC}") = "5三元表达式", "5三元表达式\5三元表达式.csproj", "{57DB6885-13CA-406C-86AC-D5AAF61472D4}"
EndProject
Project("{FAE04EC0-301F-11D3-BF4B-00C04F79EFBC}") = "5随机数", "5随机数\5随机数.csproj", "{1F9CA471-87A3-4F8A-B5ED-17DD76D6DBB2}"
EndProject
Project("{FAE04EC0-301F-11D3-BF4B-00C04F79EFBC}") = "6枚举", "6枚举\6枚举.csproj", "{728C8770-3231-48E6-B91C-1BFBAC0C7EF6}"
EndProject
Project("{FAE04EC0-301F-11D3-BF4B-00C04F79EFBC}") = "6结构", "6结构\6结构.csproj", "{09464BB1-635F-4C5B-9939-86FA5A4FA8A3}"
EndProject
Project("{FAE04EC0-301F-11D3-BF4B-00C04F79EFBC}") = "6数组", "6数组\6数组.csproj", "{8F5D7DF8-D55B-4C43-A0E1-13634D3399BC}"
EndProject
Project("{FAE04EC0-301F-11D3-BF4B-00C04F79EFBC}") = "6冒泡排序", "6冒泡排序\6冒泡排序.csproj", "{49309217-457E-4C96-83DE-4C3216ADC3BB}"
EndProject
Project("{FAE04EC0-301F-11D3-BF4B-00C04F79EFBC}") = "6方法的简介", "6方法的简介\6方法的简介.csproj", "{B2C04B3C-01F6-4025-AB7B-0B7497586C3C}"
EndProject
Project("{FAE04EC0-301F-11D3-BF4B-00C04F79EFBC}") = "7方法的调用", "7方法的调用\7方法的调用.csproj", "{C73972FE-5D57-4887-9BCF-E197AB2496E5}"
EndProject
Project("{FAE04EC0-301F-11D3-BF4B-00C04F79EFBC}") = "7方法的概念", "7方法的概念\7方法的概念.csproj", "{DBFC5D0B-9919-44D8-A26E-789C12FD59FE}"
EndProject
Project("{FAE04EC0-301F-11D3-BF4B-00C04F79EFBC}") = "7out参数的使用", "7out参数的使用\7out参数的使用.csproj", "{2896610E-BA89-4990-8CE4-4085E5218A21}"
EndProject
Project("{FAE04EC0-301F-11D3-BF4B-00C04F79EFBC}") = "7-ref", "7-ref\7-ref.csproj", "{53B39BDE-6979-4D3D-9BD7-A4A24FC72CB2}"
EndProject
Project("{FAE04EC0-301F-11D3-BF4B-00C04F79EFBC}") = "7-params参数", "7-params参数\7-params参数.csproj", "{93E44312-0CBF-45BF-AB37-5BCD6608749F}"
EndProject
Project("{FAE04EC0-301F-11D3-BF4B-00C04F79EFBC}") = "7-方法的重载", "7-方法的重载\7-方法的重载.csproj", "{B2B0AEE4-6F7B-48DD-90E5-2C1EFE7DBDBC}"
EndProject
Project("{FAE04EC0-301F-11D3-BF4B-00C04F79EFBC}") = "7-方法的递归", "7-方法的递归\7-方法的递归.csproj", "{47C0A875-2B2F-425B-AED2-69E32438D453}"
EndProject
Project("{FAE04EC0-301F-11D3-BF4B-00C04F79EFBC}") = "7-方法的练习", "7-方法的练习\7-方法的练习.csproj", "{1CDF58A0-1830-4DF1-A44E-B125A56AE6CE}"
EndProject
Project("{FAE04EC0-301F-11D3-BF4B-00C04F79EFBC}") = "8-飞行棋", "8-飞行棋\8-飞行棋.csproj", "{61B4A4DC-C76A-464B-9575-750FC7070E09}"
EndProject
Project("{FAE04EC0-301F-11D3-BF4B-00C04F79EFBC}") = "9-面向对象的概念", "9-面向对象的概念\9-面向对象的概念.csproj", "{AEDBFD46-11EF-4B4D-83D9-19EEDE7753B6}"
EndProject
Project("{FAE04EC0-301F-11D3-BF4B-00C04F79EFBC}") = "9静态与非静态的区别", "9静态与非静态的区别\9静态与非静态的区别.csproj", "{62D9B1DD-3255-43CB-A0DB-597D396229F5}"
EndProject
Project("{FAE04EC0-301F-11D3-BF4B-00C04F79EFBC}") = "9构造函数", "9构造函数\9构造函数.csproj", "{C4985F0F-E3C9-41B8-8798-411796672A99}"
EndProject
Project("{FAE04EC0-301F-11D3-BF4B-00C04F79EFBC}") = "9练习", "9练习\9练习.csproj", "{CC71541D-476B-4139-80F5-04771BDBCC77}"
EndProject
Project("{FAE04EC0-301F-11D3-BF4B-00C04F79EFBC}") = "10命名空间", "10命名空间\10命名空间.csproj", "{FCD1E3C9-E0CF-4817-8875-6AD7ABA927A6}"
EndProject
Project("{FAE04EC0-301F-11D3-BF4B-00C04F79EFBC}") = "10值类型和引用类型", "10值类型和引用类型\10值类型和引用类型.csproj", "{BEEEF605-BE50-436A-B896-9984098B139F}"
EndProject
Project("{FAE04EC0-301F-11D3-BF4B-00C04F79EFBC}") = "10字符串的不可变性", "10字符串的不可变性\10字符串的不可变性.csproj", "{03E1C5E8-E33D-4C1F-B19C-1A113D6C158A}"
EndProject
Project("{FAE04EC0-301F-11D3-BF4B-00C04F79EFBC}") = "10继承", "10继承\10继承.csproj", "{E233C551-5960-41D8-8927-CEECD91E9360}"
EndProject
Project("{FAE04EC0-301F-11D3-BF4B-00C04F79EFBC}") = "10继承练习", "10继承练习\10继承练习.csproj", "{C371D866-A84E-4FF4-86FF-B25ECD2CBC58}"
EndProject
Project("{FAE04EC0-301F-11D3-BF4B-00C04F79EFBC}") = "11里氏转换", "11里氏转换\11里氏转换.csproj", "{9993FE16-F559-49C5-9098-A4301B16D812}"
EndProject
Project("{FAE04EC0-301F-11D3-BF4B-00C04F79EFBC}") = "11里氏练习", "11里氏练习\11里氏练习.csproj", "{1D1C4A93-191A-48CD-A1C8-38651D9EC532}"
EndProject
Project("{FAE04EC0-301F-11D3-BF4B-00C04F79EFBC}") = "11集合的方法", "11集合的方法\11集合的方法.csproj", "{6A712218-6437-4A72-B1D2-F2FF1837B41F}"
EndProject
Project("{FAE04EC0-301F-11D3-BF4B-00C04F79EFBC}") = "11Hashtable", "11Hashtable\11Hashtable.csproj", "{C898F1C1-FB60-473B-9CE9-939F3987697E}"
EndProject
Project("{FAE04EC0-301F-11D3-BF4B-00C04F79EFBC}") = "11繁体字互化", "11繁体字互化\11繁体字互化.csproj", "{7A5CD3E8-FEC6-418E-9C4F-31E579A9C792}"
EndProject
Project("{FAE04EC0-301F-11D3-BF4B-00C04F79EFBC}") = "11Path类", "11Path类\11Path类.csproj", "{8C1A64C3-22D4-4FD6-8990-842FED330457}"
EndProject
Project("{FAE04EC0-301F-11D3-BF4B-00C04F79EFBC}") = "12File文件的读写", "12File文件的读写\12File文件的读写.csproj", "{74AE89D3-80E6-436A-B6A7-70F39132AC5D}"
EndProject
Project("{FAE04EC0-301F-11D3-BF4B-00C04F79EFBC}") = "12泛型集合", "12泛型集合\12泛型集合.csproj", "{CC48FF8F-8DB6-44B1-8D48-F0E5CE639A69}"
EndProject
Project("{FAE04EC0-301F-11D3-BF4B-00C04F79EFBC}") = "12filestream读写文件", "12filestream读写文件\12filestream读写文件.csproj", "{4D637E55-2B84-496C-8286-5444DC73393B}"
EndProject
Project("{FAE04EC0-301F-11D3-BF4B-00C04F79EFBC}") = "12streamreader", "12streamreader\12streamreader.csproj", "{2538AE84-1D50-4001-8807-B88BF1467713}"
EndProject
Project("{FAE04EC0-301F-11D3-BF4B-00C04F79EFBC}") = "12多态", "12多态\12多态.csproj", "{81CBC5C4-DA3A-44C5-9DE9-00FDFE659D5F}"
EndProject
Project("{FAE04EC0-301F-11D3-BF4B-00C04F79EFBC}") = "12抽象类", "12抽象类\12抽象类.csproj", "{F997AF1D-3BDF-466D-9353-6EEFA1CEF778}"
EndProject
Project("{FAE04EC0-301F-11D3-BF4B-00C04F79EFBC}") = "12_电脑_youpan", "12_电脑_youpan\12_电脑_youpan.csproj", "{1AA451A7-AC0D-4DBC-8685-68B715AB10E5}"
EndProject
Project("{FAE04EC0-301F-11D3-BF4B-00C04F79EFBC}") = "13c访问修饰符", "13c访问修饰符\13c访问修饰符.csproj", "{0DDFD034-5FEC-4D40-ABCA-54DB2713501D}"
EndProject
Project("{FAE04EC0-301F-11D3-BF4B-00C04F79EFBC}") = "13简单工厂设计", "13简单工厂设计\13简单工厂设计.csproj", "{7405FBB6-F6E9-43F7-8A08-E1924B4FFEDE}"
EndProject
Project("{FAE04EC0-301F-11D3-BF4B-00C04F79EFBC}") = "13值传递和引用传递", "13值传递和引用传递\13值传递和引用传递.csproj", "{619931DE-6B0B-4791-8194-0F6EB809DEC2}"
EndProject
Project("{FAE04EC0-301F-11D3-BF4B-00C04F79EFBC}") = "13接口", "13接口\13接口.csproj", "{F66410C0-7A73-4461-A191-B1416B939EA5}"
EndProject
Project("{FAE04EC0-301F-11D3-BF4B-00C04F79EFBC}") = "12超市收银", "12超市收银\12超市收银.csproj", "{CEC7C3BA-7B1B-4D24-9C63-7B22C75C578C}"
EndProject
Project("{FAE04EC0-301F-11D3-BF4B-00C04F79EFBC}") = "12GUID", "12GUID\12GUID.csproj", "{66A71CFF-A22A-4F06-A468-1C5B0DB8BC31}"
EndProject
Project("{FAE04EC0-301F-11D3-BF4B-00C04F79EFBC}") = "14MD5加密", "14MD5加密\14MD5加密.csproj", "{EF9D902D-9341-49E1-A541-09419BD7CFA0}"
EndProject
Project("{FAE04EC0-301F-11D3-BF4B-00C04F79EFBC}") = "WindowsFormsApp1", "WindowsFormsApp1\WindowsFormsApp1.csproj", "{EC33E331-B33F-49EE-BCD9-9BBDDCFB4E0E}"
EndProject
Project("{FAE04EC0-301F-11D3-BF4B-00C04F79EFBC}") = "14 DOYOULOVEME", "14 DOYOULOVEME\14 DOYOULOVEME.csproj", "{DBEADE90-2904-473C-BC35-0401EF4AC03E}"
EndProject
Project("{FAE04EC0-301F-11D3-BF4B-00C04F79EFBC}") = "14lable", "14lable\14lable.csproj", "{6A2512E3-F70C-40AA-ACC4-76893823F820}"
EndProject
Project("{FAE04EC0-301F-11D3-BF4B-00C04F79EFBC}") = "14闹钟", "14闹钟\14闹钟.csproj", "{3B2CF5D4-6F64-4A1B-94D0-4860F7ECFBAA}"
EndProject
Project("{FAE04EC0-301F-11D3-BF4B-00C04F79EFBC}") = "14单选和单选", "14单选和单选\14单选和单选.csproj", "{E9AC99A5-28FF-4797-9FE7-ED16FA265609}"
EndProject
Project("{FAE04EC0-301F-11D3-BF4B-00C04F79EFBC}") = "14简单记事本", "14简单记事本\14简单记事本.csproj", "{35773482-5B57-49F2-A988-59307E8CE598}"
EndProject
Project("{FAE04EC0-301F-11D3-BF4B-00C04F79EFBC}") = "14MDI窗体", "14MDI窗体\14MDI窗体.csproj", "{AD1DC885-2105-4C29-9353-C76FFCC83022}"
EndProject
Project("{FAE04EC0-301F-11D3-BF4B-00C04F79EFBC}") = "14图片的上一张和下一张", "14图片的上一张和下一张\14图片的上一张和下一张.csproj", "{2D870305-27B9-48EF-86A4-4577B30188F7}"
EndProject
Project("{FAE04EC0-301F-11D3-BF4B-00C04F79EFBC}") = "14图片轮播", "14图片轮播\14图片轮播.csproj", "{67C1878C-1D40-4218-9B49-64837F1697AE}"
EndProject
Project("{FAE04EC0-301F-11D3-BF4B-00C04F79EFBC}") = "14浏览器控件", "14浏览器控件\14浏览器控件.csproj", "{7E46E381-5A06-4C1D-8C30-C744F58DD1FC}"
EndProject
Project("{FAE04EC0-301F-11D3-BF4B-00C04F79EFBC}") = "14日期选择器", "14日期选择器\14日期选择器.csproj", "{82AD639D-95E1-4376-B6B3-ECA93BB77ACD}"
EndProject
Project("{FAE04EC0-301F-11D3-BF4B-00C04F79EFBC}") = "14Listbox", "14Listbox\14Listbox.csproj", "{8D0594C7-BE02-47AE-9302-2F9D1F4D302B}"
EndProject
Project("{FAE04EC0-301F-11D3-BF4B-00C04F79EFBC}") = "14石头剪刀布、", "14石头剪刀布、\14石头剪刀布、.csproj", "{EF66C67C-B4FE-46B4-9E2B-55CC07C0AD93}"
EndProject
Project("{FAE04EC0-301F-11D3-BF4B-00C04F79EFBC}") = "14打开对话框", "14打开对话框\14打开对话框.csproj", "{A2FC8481-3DBB-4874-A324-861F1A745FB4}"
EndProject
Project("{FAE04EC0-301F-11D3-BF4B-00C04F79EFBC}") = "16进程类", "16进程类\16进程类.csproj", "{B6C2BF7B-7FA6-4090-A5F8-0F31B245D2CB}"
EndProject
Project("{FAE04EC0-301F-11D3-BF4B-00C04F79EFBC}") = "16多线程其", "16多线程其\16多线程其.csproj", "{DD40511D-05E0-4D87-87DF-0939BD4199B9}"
EndProject
Project("{FAE04EC0-301F-11D3-BF4B-00C04F79EFBC}") = "16播放下一首音乐", "16播放下一首音乐\16播放下一首音乐.csproj", "{7E42A794-87EA-408E-9598-4F9E91A3A667}"
EndProject
Project("{FAE04EC0-301F-11D3-BF4B-00C04F79EFBC}") = "16摇奖机", "16摇奖机\16摇奖机.csproj", "{F7C955D3-CDB1-4582-9731-069CB8D46838}"
EndProject
Project("{FAE04EC0-301F-11D3-BF4B-00C04F79EFBC}") = "16Client1230", "16Client1230\16Client1230.csproj", "{2B566EF7-4A02-405D-B068-00A5BFBEB0DA}"
EndProject
Project("{FAE04EC0-301F-11D3-BF4B-00C04F79EFBC}") = "16Server1230", "16Server1230\16Server1230.csproj", "{C00253CE-6C2C-4D60-A73F-863B0F7748FE}"
EndProject
Project("{FAE04EC0-301F-11D3-BF4B-00C04F79EFBC}") = "17使用GDI画图", "17使用GDI画图\17使用GDI画图.csproj", "{F151CF45-853C-4823-9435-3323E1FCF994}"
EndProject
Project("{FAE04EC0-301F-11D3-BF4B-00C04F79EFBC}") = "17验证码", "17验证码\17验证码.csproj", "{58E2E94A-62F7-4F95-89DE-624079C47270}"
EndProject
Project("{FAE04EC0-301F-11D3-BF4B-00C04F79EFBC}") = "18单例模式", "18单例模式\18单例模式.csproj", "{9BEE5C61-626D-4592-9CB2-1F7CE08789EE}"
EndProject
Project("{FAE04EC0-301F-11D3-BF4B-00C04F79EFBC}") = "3.5创建XML（）", "3.5创建XML（）\3.5创建XML（）.csproj", "{FDC5775F-17D8-4F92-84B1-D7EBF5516453}"
EndProject
Project("{FAE04EC0-301F-11D3-BF4B-00C04F79EFBC}") = "3.5带有属性的xml文档", "3.5带有属性的xml文档\3.5带有属性的xml文档.csproj", "{E96292A9-72A5-4A42-A69E-B6E2D57D10D9}"
EndProject
Project("{FAE04EC0-301F-11D3-BF4B-00C04F79EFBC}") = "3.6读取XML文档", "3.6读取XML文档\3.6读取XML文档.csproj", "{9049C25A-7864-43FE-8986-DDCB761410F9}"
EndProject
Project("{FAE04EC0-301F-11D3-BF4B-00C04F79EFBC}") = "3.6追加XML", "3.6追加XML\3.6追加XML.csproj", "{CC4E987B-5874-42CA-8811-9281C298940B}"
EndProject
Project("{FAE04EC0-301F-11D3-BF4B-00C04F79EFBC}") = "3.6委托", "3.6委托\3.6委托.csproj", "{FDFB733B-B06E-4D28-A3BD-2DE2CE7465DF}"
EndProject
Project("{FAE04EC0-301F-11D3-BF4B-00C04F79EFBC}") = "3.6求数组最大值", "3.6求数组最大值\3.6求数组最大值.csproj", "{1E46BE5A-5EA9-429B-B722-68597D74A7C0}"
EndProject
Project("{FAE04EC0-301F-11D3-BF4B-00C04F79EFBC}") = "3.6lamada表达式", "3.6lamada表达式\3.6lamada表达式.csproj", "{2975EB2C-981B-4E05-A3D0-98194F4859A5}"
EndProject
Project("{FAE04EC0-301F-11D3-BF4B-00C04F79EFBC}") = "3.6窗体传值1", "3.6窗体传值1\3.6窗体传值1.csproj", "{1B07E07B-9308-4B6F-BE84-29BC1CF88D2A}"
EndProject
Project("{FAE04EC0-301F-11D3-BF4B-00C04F79EFBC}") = "3.27事件", "3.27事件\3.27事件.csproj", "{69C93A9D-2E5A-4C2A-9DF2-9904B0ED4FF8}"
EndProject
Project("{FAE04EC0-301F-11D3-BF4B-00C04F79EFBC}") = "3.23事件", "3.23事件\3.23事件.csproj", "{8F41E13E-E67A-4328-8707-005CCB4D6870}"
EndProject
Global
	GlobalSection(SolutionConfigurationPlatforms) = preSolution
		Debug|Any CPU = Debug|Any CPU
		Release|Any CPU = Release|Any CPU
	EndGlobalSection
	GlobalSection(ProjectConfigurationPlatforms) = postSolution
		{4DED8320-98FE-4251-B20E-4267E9A1B118}.Debug|Any CPU.ActiveCfg = Debug|Any CPU
		{4DED8320-98FE-4251-B20E-4267E9A1B118}.Debug|Any CPU.Build.0 = Debug|Any CPU
		{4DED8320-98FE-4251-B20E-4267E9A1B118}.Release|Any CPU.ActiveCfg = Release|Any CPU
		{4DED8320-98FE-4251-B20E-4267E9A1B118}.Release|Any CPU.Build.0 = Release|Any CPU
		{60EA9515-F313-4B64-A51D-9A8318BA9FC4}.Debug|Any CPU.ActiveCfg = Debug|Any CPU
		{60EA9515-F313-4B64-A51D-9A8318BA9FC4}.Debug|Any CPU.Build.0 = Debug|Any CPU
		{60EA9515-F313-4B64-A51D-9A8318BA9FC4}.Release|Any CPU.ActiveCfg = Release|Any CPU
		{60EA9515-F313-4B64-A51D-9A8318BA9FC4}.Release|Any CPU.Build.0 = Release|Any CPU
		{DA89D6C9-6C48-4535-A6AE-78613F094365}.Debug|Any CPU.ActiveCfg = Debug|Any CPU
		{DA89D6C9-6C48-4535-A6AE-78613F094365}.Debug|Any CPU.Build.0 = Debug|Any CPU
		{DA89D6C9-6C48-4535-A6AE-78613F094365}.Release|Any CPU.ActiveCfg = Release|Any CPU
		{DA89D6C9-6C48-4535-A6AE-78613F094365}.Release|Any CPU.Build.0 = Release|Any CPU
		{EC85B4D3-A77C-4FEC-A8E6-AFAC5F1E6190}.Debug|Any CPU.ActiveCfg = Debug|Any CPU
		{EC85B4D3-A77C-4FEC-A8E6-AFAC5F1E6190}.Debug|Any CPU.Build.0 = Debug|Any CPU
		{EC85B4D3-A77C-4FEC-A8E6-AFAC5F1E6190}.Release|Any CPU.ActiveCfg = Release|Any CPU
		{EC85B4D3-A77C-4FEC-A8E6-AFAC5F1E6190}.Release|Any CPU.Build.0 = Release|Any CPU
		{B128C17E-56B1-4BFB-A4C0-E35D7BF2EF48}.Debug|Any CPU.ActiveCfg = Debug|Any CPU
		{B128C17E-56B1-4BFB-A4C0-E35D7BF2EF48}.Debug|Any CPU.Build.0 = Debug|Any CPU
		{B128C17E-56B1-4BFB-A4C0-E35D7BF2EF48}.Release|Any CPU.ActiveCfg = Release|Any CPU
		{B128C17E-56B1-4BFB-A4C0-E35D7BF2EF48}.Release|Any CPU.Build.0 = Release|Any CPU
		{72EE6392-4B92-4956-83DD-831E382D7F04}.Debug|Any CPU.ActiveCfg = Debug|Any CPU
		{72EE6392-4B92-4956-83DD-831E382D7F04}.Debug|Any CPU.Build.0 = Debug|Any CPU
		{72EE6392-4B92-4956-83DD-831E382D7F04}.Release|Any CPU.ActiveCfg = Release|Any CPU
		{72EE6392-4B92-4956-83DD-831E382D7F04}.Release|Any CPU.Build.0 = Release|Any CPU
		{FB739453-99D7-4FED-808C-91F867CD0EA2}.Debug|Any CPU.ActiveCfg = Debug|Any CPU
		{FB739453-99D7-4FED-808C-91F867CD0EA2}.Debug|Any CPU.Build.0 = Debug|Any CPU
		{FB739453-99D7-4FED-808C-91F867CD0EA2}.Release|Any CPU.ActiveCfg = Release|Any CPU
		{FB739453-99D7-4FED-808C-91F867CD0EA2}.Release|Any CPU.Build.0 = Release|Any CPU
		{352F04A2-00BD-4B24-942D-B6836143C1B5}.Debug|Any CPU.ActiveCfg = Debug|Any CPU
		{352F04A2-00BD-4B24-942D-B6836143C1B5}.Debug|Any CPU.Build.0 = Debug|Any CPU
		{352F04A2-00BD-4B24-942D-B6836143C1B5}.Release|Any CPU.ActiveCfg = Release|Any CPU
		{352F04A2-00BD-4B24-942D-B6836143C1B5}.Release|Any CPU.Build.0 = Release|Any CPU
		{EFB50D67-8520-47AB-9836-C1207F4A9E3A}.Debug|Any CPU.ActiveCfg = Debug|Any CPU
		{EFB50D67-8520-47AB-9836-C1207F4A9E3A}.Debug|Any CPU.Build.0 = Debug|Any CPU
		{EFB50D67-8520-47AB-9836-C1207F4A9E3A}.Release|Any CPU.ActiveCfg = Release|Any CPU
		{EFB50D67-8520-47AB-9836-C1207F4A9E3A}.Release|Any CPU.Build.0 = Release|Any CPU
		{FF32F66B-A8D4-427C-975D-65DDBB02E8EE}.Debug|Any CPU.ActiveCfg = Debug|Any CPU
		{FF32F66B-A8D4-427C-975D-65DDBB02E8EE}.Debug|Any CPU.Build.0 = Debug|Any CPU
		{FF32F66B-A8D4-427C-975D-65DDBB02E8EE}.Release|Any CPU.ActiveCfg = Release|Any CPU
		{FF32F66B-A8D4-427C-975D-65DDBB02E8EE}.Release|Any CPU.Build.0 = Release|Any CPU
		{24933CA6-CBAC-46C5-BC0D-EAB767CCBB14}.Debug|Any CPU.ActiveCfg = Debug|Any CPU
		{24933CA6-CBAC-46C5-BC0D-EAB767CCBB14}.Debug|Any CPU.Build.0 = Debug|Any CPU
		{24933CA6-CBAC-46C5-BC0D-EAB767CCBB14}.Release|Any CPU.ActiveCfg = Release|Any CPU
		{24933CA6-CBAC-46C5-BC0D-EAB767CCBB14}.Release|Any CPU.Build.0 = Release|Any CPU
		{15EEF306-A648-4462-9A77-7EBC62605361}.Debug|Any CPU.ActiveCfg = Debug|Any CPU
		{15EEF306-A648-4462-9A77-7EBC62605361}.Debug|Any CPU.Build.0 = Debug|Any CPU
		{15EEF306-A648-4462-9A77-7EBC62605361}.Release|Any CPU.ActiveCfg = Release|Any CPU
		{15EEF306-A648-4462-9A77-7EBC62605361}.Release|Any CPU.Build.0 = Release|Any CPU
		{293004A1-3560-4016-82B0-0FE0005872FE}.Debug|Any CPU.ActiveCfg = Debug|Any CPU
		{293004A1-3560-4016-82B0-0FE0005872FE}.Debug|Any CPU.Build.0 = Debug|Any CPU
		{293004A1-3560-4016-82B0-0FE0005872FE}.Release|Any CPU.ActiveCfg = Release|Any CPU
		{293004A1-3560-4016-82B0-0FE0005872FE}.Release|Any CPU.Build.0 = Release|Any CPU
		{A09C3D9E-1891-4297-A908-8BC79A3FC992}.Debug|Any CPU.ActiveCfg = Debug|Any CPU
		{A09C3D9E-1891-4297-A908-8BC79A3FC992}.Debug|Any CPU.Build.0 = Debug|Any CPU
		{A09C3D9E-1891-4297-A908-8BC79A3FC992}.Release|Any CPU.ActiveCfg = Release|Any CPU
		{A09C3D9E-1891-4297-A908-8BC79A3FC992}.Release|Any CPU.Build.0 = Release|Any CPU
		{2893FEF1-A21E-49FD-A769-9CB6D2F78F63}.Debug|Any CPU.ActiveCfg = Debug|Any CPU
		{2893FEF1-A21E-49FD-A769-9CB6D2F78F63}.Debug|Any CPU.Build.0 = Debug|Any CPU
		{2893FEF1-A21E-49FD-A769-9CB6D2F78F63}.Release|Any CPU.ActiveCfg = Release|Any CPU
		{2893FEF1-A21E-49FD-A769-9CB6D2F78F63}.Release|Any CPU.Build.0 = Release|Any CPU
		{86D50DCF-E619-47D1-A670-F9A16BE46C11}.Debug|Any CPU.ActiveCfg = Debug|Any CPU
		{86D50DCF-E619-47D1-A670-F9A16BE46C11}.Debug|Any CPU.Build.0 = Debug|Any CPU
		{86D50DCF-E619-47D1-A670-F9A16BE46C11}.Release|Any CPU.ActiveCfg = Release|Any CPU
		{86D50DCF-E619-47D1-A670-F9A16BE46C11}.Release|Any CPU.Build.0 = Release|Any CPU
		{BB81F4FE-2C1E-4266-BA76-FB22FD3CC102}.Debug|Any CPU.ActiveCfg = Debug|Any CPU
		{BB81F4FE-2C1E-4266-BA76-FB22FD3CC102}.Debug|Any CPU.Build.0 = Debug|Any CPU
		{BB81F4FE-2C1E-4266-BA76-FB22FD3CC102}.Release|Any CPU.ActiveCfg = Release|Any CPU
		{BB81F4FE-2C1E-4266-BA76-FB22FD3CC102}.Release|Any CPU.Build.0 = Release|Any CPU
		{2AC16C8A-7E0E-4081-A7B7-F0C606AC60C0}.Debug|Any CPU.ActiveCfg = Debug|Any CPU
		{2AC16C8A-7E0E-4081-A7B7-F0C606AC60C0}.Debug|Any CPU.Build.0 = Debug|Any CPU
		{2AC16C8A-7E0E-4081-A7B7-F0C606AC60C0}.Release|Any CPU.ActiveCfg = Release|Any CPU
		{2AC16C8A-7E0E-4081-A7B7-F0C606AC60C0}.Release|Any CPU.Build.0 = Release|Any CPU
		{DADD3F15-2BA2-4580-A553-4B774BAE445E}.Debug|Any CPU.ActiveCfg = Debug|Any CPU
		{DADD3F15-2BA2-4580-A553-4B774BAE445E}.Debug|Any CPU.Build.0 = Debug|Any CPU
		{DADD3F15-2BA2-4580-A553-4B774BAE445E}.Release|Any CPU.ActiveCfg = Release|Any CPU
		{DADD3F15-2BA2-4580-A553-4B774BAE445E}.Release|Any CPU.Build.0 = Release|Any CPU
		{57DB6885-13CA-406C-86AC-D5AAF61472D4}.Debug|Any CPU.ActiveCfg = Debug|Any CPU
		{57DB6885-13CA-406C-86AC-D5AAF61472D4}.Debug|Any CPU.Build.0 = Debug|Any CPU
		{57DB6885-13CA-406C-86AC-D5AAF61472D4}.Release|Any CPU.ActiveCfg = Release|Any CPU
		{57DB6885-13CA-406C-86AC-D5AAF61472D4}.Release|Any CPU.Build.0 = Release|Any CPU
		{1F9CA471-87A3-4F8A-B5ED-17DD76D6DBB2}.Debug|Any CPU.ActiveCfg = Debug|Any CPU
		{1F9CA471-87A3-4F8A-B5ED-17DD76D6DBB2}.Debug|Any CPU.Build.0 = Debug|Any CPU
		{1F9CA471-87A3-4F8A-B5ED-17DD76D6DBB2}.Release|Any CPU.ActiveCfg = Release|Any CPU
		{1F9CA471-87A3-4F8A-B5ED-17DD76D6DBB2}.Release|Any CPU.Build.0 = Release|Any CPU
		{728C8770-3231-48E6-B91C-1BFBAC0C7EF6}.Debug|Any CPU.ActiveCfg = Debug|Any CPU
		{728C8770-3231-48E6-B91C-1BFBAC0C7EF6}.Debug|Any CPU.Build.0 = Debug|Any CPU
		{728C8770-3231-48E6-B91C-1BFBAC0C7EF6}.Release|Any CPU.ActiveCfg = Release|Any CPU
		{728C8770-3231-48E6-B91C-1BFBAC0C7EF6}.Release|Any CPU.Build.0 = Release|Any CPU
		{09464BB1-635F-4C5B-9939-86FA5A4FA8A3}.Debug|Any CPU.ActiveCfg = Debug|Any CPU
		{09464BB1-635F-4C5B-9939-86FA5A4FA8A3}.Debug|Any CPU.Build.0 = Debug|Any CPU
		{09464BB1-635F-4C5B-9939-86FA5A4FA8A3}.Release|Any CPU.ActiveCfg = Release|Any CPU
		{09464BB1-635F-4C5B-9939-86FA5A4FA8A3}.Release|Any CPU.Build.0 = Release|Any CPU
		{8F5D7DF8-D55B-4C43-A0E1-13634D3399BC}.Debug|Any CPU.ActiveCfg = Debug|Any CPU
		{8F5D7DF8-D55B-4C43-A0E1-13634D3399BC}.Debug|Any CPU.Build.0 = Debug|Any CPU
		{8F5D7DF8-D55B-4C43-A0E1-13634D3399BC}.Release|Any CPU.ActiveCfg = Release|Any CPU
		{8F5D7DF8-D55B-4C43-A0E1-13634D3399BC}.Release|Any CPU.Build.0 = Release|Any CPU
		{49309217-457E-4C96-83DE-4C3216ADC3BB}.Debug|Any CPU.ActiveCfg = Debug|Any CPU
		{49309217-457E-4C96-83DE-4C3216ADC3BB}.Debug|Any CPU.Build.0 = Debug|Any CPU
		{49309217-457E-4C96-83DE-4C3216ADC3BB}.Release|Any CPU.ActiveCfg = Release|Any CPU
		{49309217-457E-4C96-83DE-4C3216ADC3BB}.Release|Any CPU.Build.0 = Release|Any CPU
		{B2C04B3C-01F6-4025-AB7B-0B7497586C3C}.Debug|Any CPU.ActiveCfg = Debug|Any CPU
		{B2C04B3C-01F6-4025-AB7B-0B7497586C3C}.Debug|Any CPU.Build.0 = Debug|Any CPU
		{B2C04B3C-01F6-4025-AB7B-0B7497586C3C}.Release|Any CPU.ActiveCfg = Release|Any CPU
		{B2C04B3C-01F6-4025-AB7B-0B7497586C3C}.Release|Any CPU.Build.0 = Release|Any CPU
		{C73972FE-5D57-4887-9BCF-E197AB2496E5}.Debug|Any CPU.ActiveCfg = Debug|Any CPU
		{C73972FE-5D57-4887-9BCF-E197AB2496E5}.Debug|Any CPU.Build.0 = Debug|Any CPU
		{C73972FE-5D57-4887-9BCF-E197AB2496E5}.Release|Any CPU.ActiveCfg = Release|Any CPU
		{C73972FE-5D57-4887-9BCF-E197AB2496E5}.Release|Any CPU.Build.0 = Release|Any CPU
		{DBFC5D0B-9919-44D8-A26E-789C12FD59FE}.Debug|Any CPU.ActiveCfg = Debug|Any CPU
		{DBFC5D0B-9919-44D8-A26E-789C12FD59FE}.Debug|Any CPU.Build.0 = Debug|Any CPU
		{DBFC5D0B-9919-44D8-A26E-789C12FD59FE}.Release|Any CPU.ActiveCfg = Release|Any CPU
		{DBFC5D0B-9919-44D8-A26E-789C12FD59FE}.Release|Any CPU.Build.0 = Release|Any CPU
		{2896610E-BA89-4990-8CE4-4085E5218A21}.Debug|Any CPU.ActiveCfg = Debug|Any CPU
		{2896610E-BA89-4990-8CE4-4085E5218A21}.Debug|Any CPU.Build.0 = Debug|Any CPU
		{2896610E-BA89-4990-8CE4-4085E5218A21}.Release|Any CPU.ActiveCfg = Release|Any CPU
		{2896610E-BA89-4990-8CE4-4085E5218A21}.Release|Any CPU.Build.0 = Release|Any CPU
		{53B39BDE-6979-4D3D-9BD7-A4A24FC72CB2}.Debug|Any CPU.ActiveCfg = Debug|Any CPU
		{53B39BDE-6979-4D3D-9BD7-A4A24FC72CB2}.Debug|Any CPU.Build.0 = Debug|Any CPU
		{53B39BDE-6979-4D3D-9BD7-A4A24FC72CB2}.Release|Any CPU.ActiveCfg = Release|Any CPU
		{53B39BDE-6979-4D3D-9BD7-A4A24FC72CB2}.Release|Any CPU.Build.0 = Release|Any CPU
		{93E44312-0CBF-45BF-AB37-5BCD6608749F}.Debug|Any CPU.ActiveCfg = Debug|Any CPU
		{93E44312-0CBF-45BF-AB37-5BCD6608749F}.Debug|Any CPU.Build.0 = Debug|Any CPU
		{93E44312-0CBF-45BF-AB37-5BCD6608749F}.Release|Any CPU.ActiveCfg = Release|Any CPU
		{93E44312-0CBF-45BF-AB37-5BCD6608749F}.Release|Any CPU.Build.0 = Release|Any CPU
		{B2B0AEE4-6F7B-48DD-90E5-2C1EFE7DBDBC}.Debug|Any CPU.ActiveCfg = Debug|Any CPU
		{B2B0AEE4-6F7B-48DD-90E5-2C1EFE7DBDBC}.Debug|Any CPU.Build.0 = Debug|Any CPU
		{B2B0AEE4-6F7B-48DD-90E5-2C1EFE7DBDBC}.Release|Any CPU.ActiveCfg = Release|Any CPU
		{B2B0AEE4-6F7B-48DD-90E5-2C1EFE7DBDBC}.Release|Any CPU.Build.0 = Release|Any CPU
		{47C0A875-2B2F-425B-AED2-69E32438D453}.Debug|Any CPU.ActiveCfg = Debug|Any CPU
		{47C0A875-2B2F-425B-AED2-69E32438D453}.Debug|Any CPU.Build.0 = Debug|Any CPU
		{47C0A875-2B2F-425B-AED2-69E32438D453}.Release|Any CPU.ActiveCfg = Release|Any CPU
		{47C0A875-2B2F-425B-AED2-69E32438D453}.Release|Any CPU.Build.0 = Release|Any CPU
		{1CDF58A0-1830-4DF1-A44E-B125A56AE6CE}.Debug|Any CPU.ActiveCfg = Debug|Any CPU
		{1CDF58A0-1830-4DF1-A44E-B125A56AE6CE}.Debug|Any CPU.Build.0 = Debug|Any CPU
		{1CDF58A0-1830-4DF1-A44E-B125A56AE6CE}.Release|Any CPU.ActiveCfg = Release|Any CPU
		{1CDF58A0-1830-4DF1-A44E-B125A56AE6CE}.Release|Any CPU.Build.0 = Release|Any CPU
		{61B4A4DC-C76A-464B-9575-750FC7070E09}.Debug|Any CPU.ActiveCfg = Debug|Any CPU
		{61B4A4DC-C76A-464B-9575-750FC7070E09}.Debug|Any CPU.Build.0 = Debug|Any CPU
		{61B4A4DC-C76A-464B-9575-750FC7070E09}.Release|Any CPU.ActiveCfg = Release|Any CPU
		{61B4A4DC-C76A-464B-9575-750FC7070E09}.Release|Any CPU.Build.0 = Release|Any CPU
		{AEDBFD46-11EF-4B4D-83D9-19EEDE7753B6}.Debug|Any CPU.ActiveCfg = Debug|Any CPU
		{AEDBFD46-11EF-4B4D-83D9-19EEDE7753B6}.Debug|Any CPU.Build.0 = Debug|Any CPU
		{AEDBFD46-11EF-4B4D-83D9-19EEDE7753B6}.Release|Any CPU.ActiveCfg = Release|Any CPU
		{AEDBFD46-11EF-4B4D-83D9-19EEDE7753B6}.Release|Any CPU.Build.0 = Release|Any CPU
		{62D9B1DD-3255-43CB-A0DB-597D396229F5}.Debug|Any CPU.ActiveCfg = Debug|Any CPU
		{62D9B1DD-3255-43CB-A0DB-597D396229F5}.Debug|Any CPU.Build.0 = Debug|Any CPU
		{62D9B1DD-3255-43CB-A0DB-597D396229F5}.Release|Any CPU.ActiveCfg = Release|Any CPU
		{62D9B1DD-3255-43CB-A0DB-597D396229F5}.Release|Any CPU.Build.0 = Release|Any CPU
		{C4985F0F-E3C9-41B8-8798-411796672A99}.Debug|Any CPU.ActiveCfg = Debug|Any CPU
		{C4985F0F-E3C9-41B8-8798-411796672A99}.Debug|Any CPU.Build.0 = Debug|Any CPU
		{C4985F0F-E3C9-41B8-8798-411796672A99}.Release|Any CPU.ActiveCfg = Release|Any CPU
		{C4985F0F-E3C9-41B8-8798-411796672A99}.Release|Any CPU.Build.0 = Release|Any CPU
		{CC71541D-476B-4139-80F5-04771BDBCC77}.Debug|Any CPU.ActiveCfg = Debug|Any CPU
		{CC71541D-476B-4139-80F5-04771BDBCC77}.Debug|Any CPU.Build.0 = Debug|Any CPU
		{CC71541D-476B-4139-80F5-04771BDBCC77}.Release|Any CPU.ActiveCfg = Release|Any CPU
		{CC71541D-476B-4139-80F5-04771BDBCC77}.Release|Any CPU.Build.0 = Release|Any CPU
		{FCD1E3C9-E0CF-4817-8875-6AD7ABA927A6}.Debug|Any CPU.ActiveCfg = Debug|Any CPU
		{FCD1E3C9-E0CF-4817-8875-6AD7ABA927A6}.Debug|Any CPU.Build.0 = Debug|Any CPU
		{FCD1E3C9-E0CF-4817-8875-6AD7ABA927A6}.Release|Any CPU.ActiveCfg = Release|Any CPU
		{FCD1E3C9-E0CF-4817-8875-6AD7ABA927A6}.Release|Any CPU.Build.0 = Release|Any CPU
		{BEEEF605-BE50-436A-B896-9984098B139F}.Debug|Any CPU.ActiveCfg = Debug|Any CPU
		{BEEEF605-BE50-436A-B896-9984098B139F}.Debug|Any CPU.Build.0 = Debug|Any CPU
		{BEEEF605-BE50-436A-B896-9984098B139F}.Release|Any CPU.ActiveCfg = Release|Any CPU
		{BEEEF605-BE50-436A-B896-9984098B139F}.Release|Any CPU.Build.0 = Release|Any CPU
		{03E1C5E8-E33D-4C1F-B19C-1A113D6C158A}.Debug|Any CPU.ActiveCfg = Debug|Any CPU
		{03E1C5E8-E33D-4C1F-B19C-1A113D6C158A}.Debug|Any CPU.Build.0 = Debug|Any CPU
		{03E1C5E8-E33D-4C1F-B19C-1A113D6C158A}.Release|Any CPU.ActiveCfg = Release|Any CPU
		{03E1C5E8-E33D-4C1F-B19C-1A113D6C158A}.Release|Any CPU.Build.0 = Release|Any CPU
		{E233C551-5960-41D8-8927-CEECD91E9360}.Debug|Any CPU.ActiveCfg = Debug|Any CPU
		{E233C551-5960-41D8-8927-CEECD91E9360}.Debug|Any CPU.Build.0 = Debug|Any CPU
		{E233C551-5960-41D8-8927-CEECD91E9360}.Release|Any CPU.ActiveCfg = Release|Any CPU
		{E233C551-5960-41D8-8927-CEECD91E9360}.Release|Any CPU.Build.0 = Release|Any CPU
		{C371D866-A84E-4FF4-86FF-B25ECD2CBC58}.Debug|Any CPU.ActiveCfg = Debug|Any CPU
		{C371D866-A84E-4FF4-86FF-B25ECD2CBC58}.Debug|Any CPU.Build.0 = Debug|Any CPU
		{C371D866-A84E-4FF4-86FF-B25ECD2CBC58}.Release|Any CPU.ActiveCfg = Release|Any CPU
		{C371D866-A84E-4FF4-86FF-B25ECD2CBC58}.Release|Any CPU.Build.0 = Release|Any CPU
		{9993FE16-F559-49C5-9098-A4301B16D812}.Debug|Any CPU.ActiveCfg = Debug|Any CPU
		{9993FE16-F559-49C5-9098-A4301B16D812}.Debug|Any CPU.Build.0 = Debug|Any CPU
		{9993FE16-F559-49C5-9098-A4301B16D812}.Release|Any CPU.ActiveCfg = Release|Any CPU
		{9993FE16-F559-49C5-9098-A4301B16D812}.Release|Any CPU.Build.0 = Release|Any CPU
		{1D1C4A93-191A-48CD-A1C8-38651D9EC532}.Debug|Any CPU.ActiveCfg = Debug|Any CPU
		{1D1C4A93-191A-48CD-A1C8-38651D9EC532}.Debug|Any CPU.Build.0 = Debug|Any CPU
		{1D1C4A93-191A-48CD-A1C8-38651D9EC532}.Release|Any CPU.ActiveCfg = Release|Any CPU
		{1D1C4A93-191A-48CD-A1C8-38651D9EC532}.Release|Any CPU.Build.0 = Release|Any CPU
		{6A712218-6437-4A72-B1D2-F2FF1837B41F}.Debug|Any CPU.ActiveCfg = Debug|Any CPU
		{6A712218-6437-4A72-B1D2-F2FF1837B41F}.Debug|Any CPU.Build.0 = Debug|Any CPU
		{6A712218-6437-4A72-B1D2-F2FF1837B41F}.Release|Any CPU.ActiveCfg = Release|Any CPU
		{6A712218-6437-4A72-B1D2-F2FF1837B41F}.Release|Any CPU.Build.0 = Release|Any CPU
		{C898F1C1-FB60-473B-9CE9-939F3987697E}.Debug|Any CPU.ActiveCfg = Debug|Any CPU
		{C898F1C1-FB60-473B-9CE9-939F3987697E}.Debug|Any CPU.Build.0 = Debug|Any CPU
		{C898F1C1-FB60-473B-9CE9-939F3987697E}.Release|Any CPU.ActiveCfg = Release|Any CPU
		{C898F1C1-FB60-473B-9CE9-939F3987697E}.Release|Any CPU.Build.0 = Release|Any CPU
		{7A5CD3E8-FEC6-418E-9C4F-31E579A9C792}.Debug|Any CPU.ActiveCfg = Debug|Any CPU
		{7A5CD3E8-FEC6-418E-9C4F-31E579A9C792}.Debug|Any CPU.Build.0 = Debug|Any CPU
		{7A5CD3E8-FEC6-418E-9C4F-31E579A9C792}.Release|Any CPU.ActiveCfg = Release|Any CPU
		{7A5CD3E8-FEC6-418E-9C4F-31E579A9C792}.Release|Any CPU.Build.0 = Release|Any CPU
		{8C1A64C3-22D4-4FD6-8990-842FED330457}.Debug|Any CPU.ActiveCfg = Debug|Any CPU
		{8C1A64C3-22D4-4FD6-8990-842FED330457}.Debug|Any CPU.Build.0 = Debug|Any CPU
		{8C1A64C3-22D4-4FD6-8990-842FED330457}.Release|Any CPU.ActiveCfg = Release|Any CPU
		{8C1A64C3-22D4-4FD6-8990-842FED330457}.Release|Any CPU.Build.0 = Release|Any CPU
		{74AE89D3-80E6-436A-B6A7-70F39132AC5D}.Debug|Any CPU.ActiveCfg = Debug|Any CPU
		{74AE89D3-80E6-436A-B6A7-70F39132AC5D}.Debug|Any CPU.Build.0 = Debug|Any CPU
		{74AE89D3-80E6-436A-B6A7-70F39132AC5D}.Release|Any CPU.ActiveCfg = Release|Any CPU
		{74AE89D3-80E6-436A-B6A7-70F39132AC5D}.Release|Any CPU.Build.0 = Release|Any CPU
		{CC48FF8F-8DB6-44B1-8D48-F0E5CE639A69}.Debug|Any CPU.ActiveCfg = Debug|Any CPU
		{CC48FF8F-8DB6-44B1-8D48-F0E5CE639A69}.Debug|Any CPU.Build.0 = Debug|Any CPU
		{CC48FF8F-8DB6-44B1-8D48-F0E5CE639A69}.Release|Any CPU.ActiveCfg = Release|Any CPU
		{CC48FF8F-8DB6-44B1-8D48-F0E5CE639A69}.Release|Any CPU.Build.0 = Release|Any CPU
		{4D637E55-2B84-496C-8286-5444DC73393B}.Debug|Any CPU.ActiveCfg = Debug|Any CPU
		{4D637E55-2B84-496C-8286-5444DC73393B}.Debug|Any CPU.Build.0 = Debug|Any CPU
		{4D637E55-2B84-496C-8286-5444DC73393B}.Release|Any CPU.ActiveCfg = Release|Any CPU
		{4D637E55-2B84-496C-8286-5444DC73393B}.Release|Any CPU.Build.0 = Release|Any CPU
		{2538AE84-1D50-4001-8807-B88BF1467713}.Debug|Any CPU.ActiveCfg = Debug|Any CPU
		{2538AE84-1D50-4001-8807-B88BF1467713}.Debug|Any CPU.Build.0 = Debug|Any CPU
		{2538AE84-1D50-4001-8807-B88BF1467713}.Release|Any CPU.ActiveCfg = Release|Any CPU
		{2538AE84-1D50-4001-8807-B88BF1467713}.Release|Any CPU.Build.0 = Release|Any CPU
		{81CBC5C4-DA3A-44C5-9DE9-00FDFE659D5F}.Debug|Any CPU.ActiveCfg = Debug|Any CPU
		{81CBC5C4-DA3A-44C5-9DE9-00FDFE659D5F}.Debug|Any CPU.Build.0 = Debug|Any CPU
		{81CBC5C4-DA3A-44C5-9DE9-00FDFE659D5F}.Release|Any CPU.ActiveCfg = Release|Any CPU
		{81CBC5C4-DA3A-44C5-9DE9-00FDFE659D5F}.Release|Any CPU.Build.0 = Release|Any CPU
		{F997AF1D-3BDF-466D-9353-6EEFA1CEF778}.Debug|Any CPU.ActiveCfg = Debug|Any CPU
		{F997AF1D-3BDF-466D-9353-6EEFA1CEF778}.Debug|Any CPU.Build.0 = Debug|Any CPU
		{F997AF1D-3BDF-466D-9353-6EEFA1CEF778}.Release|Any CPU.ActiveCfg = Release|Any CPU
		{F997AF1D-3BDF-466D-9353-6EEFA1CEF778}.Release|Any CPU.Build.0 = Release|Any CPU
		{1AA451A7-AC0D-4DBC-8685-68B715AB10E5}.Debug|Any CPU.ActiveCfg = Debug|Any CPU
		{1AA451A7-AC0D-4DBC-8685-68B715AB10E5}.Debug|Any CPU.Build.0 = Debug|Any CPU
		{1AA451A7-AC0D-4DBC-8685-68B715AB10E5}.Release|Any CPU.ActiveCfg = Release|Any CPU
		{1AA451A7-AC0D-4DBC-8685-68B715AB10E5}.Release|Any CPU.Build.0 = Release|Any CPU
		{0DDFD034-5FEC-4D40-ABCA-54DB2713501D}.Debug|Any CPU.ActiveCfg = Debug|Any CPU
		{0DDFD034-5FEC-4D40-ABCA-54DB2713501D}.Debug|Any CPU.Build.0 = Debug|Any CPU
		{0DDFD034-5FEC-4D40-ABCA-54DB2713501D}.Release|Any CPU.ActiveCfg = Release|Any CPU
		{0DDFD034-5FEC-4D40-ABCA-54DB2713501D}.Release|Any CPU.Build.0 = Release|Any CPU
		{7405FBB6-F6E9-43F7-8A08-E1924B4FFEDE}.Debug|Any CPU.ActiveCfg = Debug|Any CPU
		{7405FBB6-F6E9-43F7-8A08-E1924B4FFEDE}.Debug|Any CPU.Build.0 = Debug|Any CPU
		{7405FBB6-F6E9-43F7-8A08-E1924B4FFEDE}.Release|Any CPU.ActiveCfg = Release|Any CPU
		{7405FBB6-F6E9-43F7-8A08-E1924B4FFEDE}.Release|Any CPU.Build.0 = Release|Any CPU
		{619931DE-6B0B-4791-8194-0F6EB809DEC2}.Debug|Any CPU.ActiveCfg = Debug|Any CPU
		{619931DE-6B0B-4791-8194-0F6EB809DEC2}.Debug|Any CPU.Build.0 = Debug|Any CPU
		{619931DE-6B0B-4791-8194-0F6EB809DEC2}.Release|Any CPU.ActiveCfg = Release|Any CPU
		{619931DE-6B0B-4791-8194-0F6EB809DEC2}.Release|Any CPU.Build.0 = Release|Any CPU
		{F66410C0-7A73-4461-A191-B1416B939EA5}.Debug|Any CPU.ActiveCfg = Debug|Any CPU
		{F66410C0-7A73-4461-A191-B1416B939EA5}.Debug|Any CPU.Build.0 = Debug|Any CPU
		{F66410C0-7A73-4461-A191-B1416B939EA5}.Release|Any CPU.ActiveCfg = Release|Any CPU
		{F66410C0-7A73-4461-A191-B1416B939EA5}.Release|Any CPU.Build.0 = Release|Any CPU
		{CEC7C3BA-7B1B-4D24-9C63-7B22C75C578C}.Debug|Any CPU.ActiveCfg = Debug|Any CPU
		{CEC7C3BA-7B1B-4D24-9C63-7B22C75C578C}.Debug|Any CPU.Build.0 = Debug|Any CPU
		{CEC7C3BA-7B1B-4D24-9C63-7B22C75C578C}.Release|Any CPU.ActiveCfg = Release|Any CPU
		{CEC7C3BA-7B1B-4D24-9C63-7B22C75C578C}.Release|Any CPU.Build.0 = Release|Any CPU
		{66A71CFF-A22A-4F06-A468-1C5B0DB8BC31}.Debug|Any CPU.ActiveCfg = Debug|Any CPU
		{66A71CFF-A22A-4F06-A468-1C5B0DB8BC31}.Debug|Any CPU.Build.0 = Debug|Any CPU
		{66A71CFF-A22A-4F06-A468-1C5B0DB8BC31}.Release|Any CPU.ActiveCfg = Release|Any CPU
		{66A71CFF-A22A-4F06-A468-1C5B0DB8BC31}.Release|Any CPU.Build.0 = Release|Any CPU
		{EF9D902D-9341-49E1-A541-09419BD7CFA0}.Debug|Any CPU.ActiveCfg = Debug|Any CPU
		{EF9D902D-9341-49E1-A541-09419BD7CFA0}.Debug|Any CPU.Build.0 = Debug|Any CPU
		{EF9D902D-9341-49E1-A541-09419BD7CFA0}.Release|Any CPU.ActiveCfg = Release|Any CPU
		{EF9D902D-9341-49E1-A541-09419BD7CFA0}.Release|Any CPU.Build.0 = Release|Any CPU
		{EC33E331-B33F-49EE-BCD9-9BBDDCFB4E0E}.Debug|Any CPU.ActiveCfg = Debug|Any CPU
		{EC33E331-B33F-49EE-BCD9-9BBDDCFB4E0E}.Debug|Any CPU.Build.0 = Debug|Any CPU
		{EC33E331-B33F-49EE-BCD9-9BBDDCFB4E0E}.Release|Any CPU.ActiveCfg = Release|Any CPU
		{EC33E331-B33F-49EE-BCD9-9BBDDCFB4E0E}.Release|Any CPU.Build.0 = Release|Any CPU
		{DBEADE90-2904-473C-BC35-0401EF4AC03E}.Debug|Any CPU.ActiveCfg = Debug|Any CPU
		{DBEADE90-2904-473C-BC35-0401EF4AC03E}.Debug|Any CPU.Build.0 = Debug|Any CPU
		{DBEADE90-2904-473C-BC35-0401EF4AC03E}.Release|Any CPU.ActiveCfg = Release|Any CPU
		{DBEADE90-2904-473C-BC35-0401EF4AC03E}.Release|Any CPU.Build.0 = Release|Any CPU
		{6A2512E3-F70C-40AA-ACC4-76893823F820}.Debug|Any CPU.ActiveCfg = Debug|Any CPU
		{6A2512E3-F70C-40AA-ACC4-76893823F820}.Debug|Any CPU.Build.0 = Debug|Any CPU
		{6A2512E3-F70C-40AA-ACC4-76893823F820}.Release|Any CPU.ActiveCfg = Release|Any CPU
		{6A2512E3-F70C-40AA-ACC4-76893823F820}.Release|Any CPU.Build.0 = Release|Any CPU
		{3B2CF5D4-6F64-4A1B-94D0-4860F7ECFBAA}.Debug|Any CPU.ActiveCfg = Debug|Any CPU
		{3B2CF5D4-6F64-4A1B-94D0-4860F7ECFBAA}.Debug|Any CPU.Build.0 = Debug|Any CPU
		{3B2CF5D4-6F64-4A1B-94D0-4860F7ECFBAA}.Release|Any CPU.ActiveCfg = Release|Any CPU
		{3B2CF5D4-6F64-4A1B-94D0-4860F7ECFBAA}.Release|Any CPU.Build.0 = Release|Any CPU
		{E9AC99A5-28FF-4797-9FE7-ED16FA265609}.Debug|Any CPU.ActiveCfg = Debug|Any CPU
		{E9AC99A5-28FF-4797-9FE7-ED16FA265609}.Debug|Any CPU.Build.0 = Debug|Any CPU
		{E9AC99A5-28FF-4797-9FE7-ED16FA265609}.Release|Any CPU.ActiveCfg = Release|Any CPU
		{E9AC99A5-28FF-4797-9FE7-ED16FA265609}.Release|Any CPU.Build.0 = Release|Any CPU
		{35773482-5B57-49F2-A988-59307E8CE598}.Debug|Any CPU.ActiveCfg = Debug|Any CPU
		{35773482-5B57-49F2-A988-59307E8CE598}.Debug|Any CPU.Build.0 = Debug|Any CPU
		{35773482-5B57-49F2-A988-59307E8CE598}.Release|Any CPU.ActiveCfg = Release|Any CPU
		{35773482-5B57-49F2-A988-59307E8CE598}.Release|Any CPU.Build.0 = Release|Any CPU
		{AD1DC885-2105-4C29-9353-C76FFCC83022}.Debug|Any CPU.ActiveCfg = Debug|Any CPU
		{AD1DC885-2105-4C29-9353-C76FFCC83022}.Debug|Any CPU.Build.0 = Debug|Any CPU
		{AD1DC885-2105-4C29-9353-C76FFCC83022}.Release|Any CPU.ActiveCfg = Release|Any CPU
		{AD1DC885-2105-4C29-9353-C76FFCC83022}.Release|Any CPU.Build.0 = Release|Any CPU
		{2D870305-27B9-48EF-86A4-4577B30188F7}.Debug|Any CPU.ActiveCfg = Debug|Any CPU
		{2D870305-27B9-48EF-86A4-4577B30188F7}.Debug|Any CPU.Build.0 = Debug|Any CPU
		{2D870305-27B9-48EF-86A4-4577B30188F7}.Release|Any CPU.ActiveCfg = Release|Any CPU
		{2D870305-27B9-48EF-86A4-4577B30188F7}.Release|Any CPU.Build.0 = Release|Any CPU
		{67C1878C-1D40-4218-9B49-64837F1697AE}.Debug|Any CPU.ActiveCfg = Debug|Any CPU
		{67C1878C-1D40-4218-9B49-64837F1697AE}.Debug|Any CPU.Build.0 = Debug|Any CPU
		{67C1878C-1D40-4218-9B49-64837F1697AE}.Release|Any CPU.ActiveCfg = Release|Any CPU
		{67C1878C-1D40-4218-9B49-64837F1697AE}.Release|Any CPU.Build.0 = Release|Any CPU
		{7E46E381-5A06-4C1D-8C30-C744F58DD1FC}.Debug|Any CPU.ActiveCfg = Debug|Any CPU
		{7E46E381-5A06-4C1D-8C30-C744F58DD1FC}.Debug|Any CPU.Build.0 = Debug|Any CPU
		{7E46E381-5A06-4C1D-8C30-C744F58DD1FC}.Release|Any CPU.ActiveCfg = Release|Any CPU
		{7E46E381-5A06-4C1D-8C30-C744F58DD1FC}.Release|Any CPU.Build.0 = Release|Any CPU
		{82AD639D-95E1-4376-B6B3-ECA93BB77ACD}.Debug|Any CPU.ActiveCfg = Debug|Any CPU
		{82AD639D-95E1-4376-B6B3-ECA93BB77ACD}.Debug|Any CPU.Build.0 = Debug|Any CPU
		{82AD639D-95E1-4376-B6B3-ECA93BB77ACD}.Release|Any CPU.ActiveCfg = Release|Any CPU
		{82AD639D-95E1-4376-B6B3-ECA93BB77ACD}.Release|Any CPU.Build.0 = Release|Any CPU
		{8D0594C7-BE02-47AE-9302-2F9D1F4D302B}.Debug|Any CPU.ActiveCfg = Debug|Any CPU
		{8D0594C7-BE02-47AE-9302-2F9D1F4D302B}.Debug|Any CPU.Build.0 = Debug|Any CPU
		{8D0594C7-BE02-47AE-9302-2F9D1F4D302B}.Release|Any CPU.ActiveCfg = Release|Any CPU
		{8D0594C7-BE02-47AE-9302-2F9D1F4D302B}.Release|Any CPU.Build.0 = Release|Any CPU
		{EF66C67C-B4FE-46B4-9E2B-55CC07C0AD93}.Debug|Any CPU.ActiveCfg = Debug|Any CPU
		{EF66C67C-B4FE-46B4-9E2B-55CC07C0AD93}.Debug|Any CPU.Build.0 = Debug|Any CPU
		{EF66C67C-B4FE-46B4-9E2B-55CC07C0AD93}.Release|Any CPU.ActiveCfg = Release|Any CPU
		{EF66C67C-B4FE-46B4-9E2B-55CC07C0AD93}.Release|Any CPU.Build.0 = Release|Any CPU
		{A2FC8481-3DBB-4874-A324-861F1A745FB4}.Debug|Any CPU.ActiveCfg = Debug|Any CPU
		{A2FC8481-3DBB-4874-A324-861F1A745FB4}.Debug|Any CPU.Build.0 = Debug|Any CPU
		{A2FC8481-3DBB-4874-A324-861F1A745FB4}.Release|Any CPU.ActiveCfg = Release|Any CPU
		{A2FC8481-3DBB-4874-A324-861F1A745FB4}.Release|Any CPU.Build.0 = Release|Any CPU
		{B6C2BF7B-7FA6-4090-A5F8-0F31B245D2CB}.Debug|Any CPU.ActiveCfg = Debug|Any CPU
		{B6C2BF7B-7FA6-4090-A5F8-0F31B245D2CB}.Debug|Any CPU.Build.0 = Debug|Any CPU
		{B6C2BF7B-7FA6-4090-A5F8-0F31B245D2CB}.Release|Any CPU.ActiveCfg = Release|Any CPU
		{B6C2BF7B-7FA6-4090-A5F8-0F31B245D2CB}.Release|Any CPU.Build.0 = Release|Any CPU
		{DD40511D-05E0-4D87-87DF-0939BD4199B9}.Debug|Any CPU.ActiveCfg = Debug|Any CPU
		{DD40511D-05E0-4D87-87DF-0939BD4199B9}.Debug|Any CPU.Build.0 = Debug|Any CPU
		{DD40511D-05E0-4D87-87DF-0939BD4199B9}.Release|Any CPU.ActiveCfg = Release|Any CPU
		{DD40511D-05E0-4D87-87DF-0939BD4199B9}.Release|Any CPU.Build.0 = Release|Any CPU
		{7E42A794-87EA-408E-9598-4F9E91A3A667}.Debug|Any CPU.ActiveCfg = Debug|Any CPU
		{7E42A794-87EA-408E-9598-4F9E91A3A667}.Debug|Any CPU.Build.0 = Debug|Any CPU
		{7E42A794-87EA-408E-9598-4F9E91A3A667}.Release|Any CPU.ActiveCfg = Release|Any CPU
		{7E42A794-87EA-408E-9598-4F9E91A3A667}.Release|Any CPU.Build.0 = Release|Any CPU
		{F7C955D3-CDB1-4582-9731-069CB8D46838}.Debug|Any CPU.ActiveCfg = Debug|Any CPU
		{F7C955D3-CDB1-4582-9731-069CB8D46838}.Debug|Any CPU.Build.0 = Debug|Any CPU
		{F7C955D3-CDB1-4582-9731-069CB8D46838}.Release|Any CPU.ActiveCfg = Release|Any CPU
		{F7C955D3-CDB1-4582-9731-069CB8D46838}.Release|Any CPU.Build.0 = Release|Any CPU
		{2B566EF7-4A02-405D-B068-00A5BFBEB0DA}.Debug|Any CPU.ActiveCfg = Debug|Any CPU
		{2B566EF7-4A02-405D-B068-00A5BFBEB0DA}.Debug|Any CPU.Build.0 = Debug|Any CPU
		{2B566EF7-4A02-405D-B068-00A5BFBEB0DA}.Release|Any CPU.ActiveCfg = Release|Any CPU
		{2B566EF7-4A02-405D-B068-00A5BFBEB0DA}.Release|Any CPU.Build.0 = Release|Any CPU
		{C00253CE-6C2C-4D60-A73F-863B0F7748FE}.Debug|Any CPU.ActiveCfg = Debug|Any CPU
		{C00253CE-6C2C-4D60-A73F-863B0F7748FE}.Debug|Any CPU.Build.0 = Debug|Any CPU
		{C00253CE-6C2C-4D60-A73F-863B0F7748FE}.Release|Any CPU.ActiveCfg = Release|Any CPU
		{C00253CE-6C2C-4D60-A73F-863B0F7748FE}.Release|Any CPU.Build.0 = Release|Any CPU
		{F151CF45-853C-4823-9435-3323E1FCF994}.Debug|Any CPU.ActiveCfg = Debug|Any CPU
		{F151CF45-853C-4823-9435-3323E1FCF994}.Debug|Any CPU.Build.0 = Debug|Any CPU
		{F151CF45-853C-4823-9435-3323E1FCF994}.Release|Any CPU.ActiveCfg = Release|Any CPU
		{F151CF45-853C-4823-9435-3323E1FCF994}.Release|Any CPU.Build.0 = Release|Any CPU
		{58E2E94A-62F7-4F95-89DE-624079C47270}.Debug|Any CPU.ActiveCfg = Debug|Any CPU
		{58E2E94A-62F7-4F95-89DE-624079C47270}.Debug|Any CPU.Build.0 = Debug|Any CPU
		{58E2E94A-62F7-4F95-89DE-624079C47270}.Release|Any CPU.ActiveCfg = Release|Any CPU
		{58E2E94A-62F7-4F95-89DE-624079C47270}.Release|Any CPU.Build.0 = Release|Any CPU
		{9BEE5C61-626D-4592-9CB2-1F7CE08789EE}.Debug|Any CPU.ActiveCfg = Debug|Any CPU
		{9BEE5C61-626D-4592-9CB2-1F7CE08789EE}.Debug|Any CPU.Build.0 = Debug|Any CPU
		{9BEE5C61-626D-4592-9CB2-1F7CE08789EE}.Release|Any CPU.ActiveCfg = Release|Any CPU
		{9BEE5C61-626D-4592-9CB2-1F7CE08789EE}.Release|Any CPU.Build.0 = Release|Any CPU
		{FDC5775F-17D8-4F92-84B1-D7EBF5516453}.Debug|Any CPU.ActiveCfg = Debug|Any CPU
		{FDC5775F-17D8-4F92-84B1-D7EBF5516453}.Debug|Any CPU.Build.0 = Debug|Any CPU
		{FDC5775F-17D8-4F92-84B1-D7EBF5516453}.Release|Any CPU.ActiveCfg = Release|Any CPU
		{FDC5775F-17D8-4F92-84B1-D7EBF5516453}.Release|Any CPU.Build.0 = Release|Any CPU
		{E96292A9-72A5-4A42-A69E-B6E2D57D10D9}.Debug|Any CPU.ActiveCfg = Debug|Any CPU
		{E96292A9-72A5-4A42-A69E-B6E2D57D10D9}.Debug|Any CPU.Build.0 = Debug|Any CPU
		{E96292A9-72A5-4A42-A69E-B6E2D57D10D9}.Release|Any CPU.ActiveCfg = Release|Any CPU
		{E96292A9-72A5-4A42-A69E-B6E2D57D10D9}.Release|Any CPU.Build.0 = Release|Any CPU
		{9049C25A-7864-43FE-8986-DDCB761410F9}.Debug|Any CPU.ActiveCfg = Debug|Any CPU
		{9049C25A-7864-43FE-8986-DDCB761410F9}.Debug|Any CPU.Build.0 = Debug|Any CPU
		{9049C25A-7864-43FE-8986-DDCB761410F9}.Release|Any CPU.ActiveCfg = Release|Any CPU
		{9049C25A-7864-43FE-8986-DDCB761410F9}.Release|Any CPU.Build.0 = Release|Any CPU
		{CC4E987B-5874-42CA-8811-9281C298940B}.Debug|Any CPU.ActiveCfg = Debug|Any CPU
		{CC4E987B-5874-42CA-8811-9281C298940B}.Debug|Any CPU.Build.0 = Debug|Any CPU
		{CC4E987B-5874-42CA-8811-9281C298940B}.Release|Any CPU.ActiveCfg = Release|Any CPU
		{CC4E987B-5874-42CA-8811-9281C298940B}.Release|Any CPU.Build.0 = Release|Any CPU
		{FDFB733B-B06E-4D28-A3BD-2DE2CE7465DF}.Debug|Any CPU.ActiveCfg = Debug|Any CPU
		{FDFB733B-B06E-4D28-A3BD-2DE2CE7465DF}.Debug|Any CPU.Build.0 = Debug|Any CPU
		{FDFB733B-B06E-4D28-A3BD-2DE2CE7465DF}.Release|Any CPU.ActiveCfg = Release|Any CPU
		{FDFB733B-B06E-4D28-A3BD-2DE2CE7465DF}.Release|Any CPU.Build.0 = Release|Any CPU
		{1E46BE5A-5EA9-429B-B722-68597D74A7C0}.Debug|Any CPU.ActiveCfg = Debug|Any CPU
		{1E46BE5A-5EA9-429B-B722-68597D74A7C0}.Debug|Any CPU.Build.0 = Debug|Any CPU
		{1E46BE5A-5EA9-429B-B722-68597D74A7C0}.Release|Any CPU.ActiveCfg = Release|Any CPU
		{1E46BE5A-5EA9-429B-B722-68597D74A7C0}.Release|Any CPU.Build.0 = Release|Any CPU
		{2975EB2C-981B-4E05-A3D0-98194F4859A5}.Debug|Any CPU.ActiveCfg = Debug|Any CPU
		{2975EB2C-981B-4E05-A3D0-98194F4859A5}.Debug|Any CPU.Build.0 = Debug|Any CPU
		{2975EB2C-981B-4E05-A3D0-98194F4859A5}.Release|Any CPU.ActiveCfg = Release|Any CPU
		{2975EB2C-981B-4E05-A3D0-98194F4859A5}.Release|Any CPU.Build.0 = Release|Any CPU
		{1B07E07B-9308-4B6F-BE84-29BC1CF88D2A}.Debug|Any CPU.ActiveCfg = Debug|Any CPU
		{1B07E07B-9308-4B6F-BE84-29BC1CF88D2A}.Debug|Any CPU.Build.0 = Debug|Any CPU
		{1B07E07B-9308-4B6F-BE84-29BC1CF88D2A}.Release|Any CPU.ActiveCfg = Release|Any CPU
		{1B07E07B-9308-4B6F-BE84-29BC1CF88D2A}.Release|Any CPU.Build.0 = Release|Any CPU
		{69C93A9D-2E5A-4C2A-9DF2-9904B0ED4FF8}.Debug|Any CPU.ActiveCfg = Debug|Any CPU
		{69C93A9D-2E5A-4C2A-9DF2-9904B0ED4FF8}.Debug|Any CPU.Build.0 = Debug|Any CPU
		{69C93A9D-2E5A-4C2A-9DF2-9904B0ED4FF8}.Release|Any CPU.ActiveCfg = Release|Any CPU
		{69C93A9D-2E5A-4C2A-9DF2-9904B0ED4FF8}.Release|Any CPU.Build.0 = Release|Any CPU
		{8F41E13E-E67A-4328-8707-005CCB4D6870}.Debug|Any CPU.ActiveCfg = Debug|Any CPU
		{8F41E13E-E67A-4328-8707-005CCB4D6870}.Debug|Any CPU.Build.0 = Debug|Any CPU
		{8F41E13E-E67A-4328-8707-005CCB4D6870}.Release|Any CPU.ActiveCfg = Release|Any CPU
		{8F41E13E-E67A-4328-8707-005CCB4D6870}.Release|Any CPU.Build.0 = Release|Any CPU
	EndGlobalSection
	GlobalSection(SolutionProperties) = preSolution
		HideSolutionNode = FALSE
	EndGlobalSection
	GlobalSection(ExtensibilityGlobals) = postSolution
		SolutionGuid = {EE5DE3E8-ED34-4DD2-9318-6CF96A567639}
	EndGlobalSection
EndGlobal
